{
  "originHash" : "10b920c1b10bfdbf7906c62a4bfb82cf0ae16d76ca319cd10a9ea2f01991e55f",
  "pins" : [
    {
      "identity" : "swiftformatplugin",
      "kind" : "remoteSourceControl",
      "location" : "https://github.com/chipp/SwiftFormatPlugin",
      "state" : {
        "revision" : "3b81061a7c988ede7abdebceae3b9632857dbcda",
        "version" : "0.61.0"
      }
    },
    {
      "identity" : "swiftlintplugin",
      "kind" : "remoteSourceControl",
      "location" : "https://github.com/chipp/SwiftLintPlugin",
      "state" : {
        "revision" : "874980e02954ac8fc80241df662ae1cbcf83adef",
        "version" : "0.63.2"
      }
    }
  ],
  "version" : 3
}
