{
  "originHash" : "25b9991933f9b858c20c1618538c88546981ee9cf6206729db662e7129fa7537",
  "pins" : [
    {
      "identity" : "swiftformatplugin",
      "kind" : "remoteSourceControl",
      "location" : "https://github.com/chipp/SwiftFormatPlugin",
      "state" : {
        "revision" : "d0faf21762c1ac2e9a06d5d65993a3fa8007ea4f",
        "version" : "0.60.1"
      }
    },
    {
      "identity" : "swiftlintplugin",
      "kind" : "remoteSourceControl",
      "location" : "https://github.com/chipp/SwiftLintPlugin",
      "state" : {
        "revision" : "874980e02954ac8fc80241df662ae1cbcf83adef",
        "version" : "0.63.2"
      }
    }
  ],
  "version" : 3
}
